
Microsoft Visual Studio Solution File, Format Version 12.00
# Visual Studio Version 17
VisualStudioVersion = 17.11.35222.181
MinimumVisualStudioVersion = 10.0.40219.1
Project("{FAE04EC0-301F-11D3-BF4B-00C04F79EFBC}") = "PI4a", "Npcs\PI4a.csproj", "{F6A08C52-AF03-43FE-AEA3-AED3FEEB3B98}"
EndProject
Global
	GlobalSection(SolutionConfigurationPlatforms) = preSolution
		Debug|Any CPU = Debug|Any CPU
		Release|Any CPU = Release|Any CPU
	EndGlobalSection
	GlobalSection(ProjectConfigurationPlatforms) = postSolution
		{F6A08C52-AF03-43FE-AEA3-AED3FEEB3B98}.Debug|Any CPU.ActiveCfg = Debug|Any CPU
		{F6A08C52-AF03-43FE-AEA3-AED3FEEB3B98}.Debug|Any CPU.Build.0 = Debug|Any CPU
		{F6A08C52-AF03-43FE-AEA3-AED3FEEB3B98}.Release|Any CPU.ActiveCfg = Release|Any CPU
		{F6A08C52-AF03-43FE-AEA3-AED3FEEB3B98}.Release|Any CPU.Build.0 = Release|Any CPU
	EndGlobalSection
	GlobalSection(SolutionProperties) = preSolution
		HideSolutionNode = FALSE
	EndGlobalSection
	GlobalSection(ExtensibilityGlobals) = postSolution
		SolutionGuid = {ACAD72B8-B313-433E-A983-E2FCDC172E85}
	EndGlobalSection
EndGlobal
